
Microsoft Visual Studio Solution File, Format Version 12.00
# Visual Studio Version 17
VisualStudioVersion = 17.7.34221.43
MinimumVisualStudioVersion = 10.0.40219.1
Project("{FAE04EC0-301F-11D3-BF4B-00C04F79EFBC}") = "SimpleAdmin", "SimpleAdmin.csproj", "{D420A31F-B393-4F90-9AA5-42F5BFA6AEED}"
EndProject
Global
	GlobalSection(SolutionConfigurationPlatforms) = preSolution
		Debug|Any CPU = Debug|Any CPU
		Release|Any CPU = Release|Any CPU
	EndGlobalSection
	GlobalSection(ProjectConfigurationPlatforms) = postSolution
		{D420A31F-B393-4F90-9AA5-42F5BFA6AEED}.Debug|Any CPU.ActiveCfg = Debug|Any CPU
		{D420A31F-B393-4F90-9AA5-42F5BFA6AEED}.Debug|Any CPU.Build.0 = Debug|Any CPU
		{D420A31F-B393-4F90-9AA5-42F5BFA6AEED}.Release|Any CPU.ActiveCfg = Release|Any CPU
		{D420A31F-B393-4F90-9AA5-42F5BFA6AEED}.Release|Any CPU.Build.0 = Release|Any CPU
	EndGlobalSection
	GlobalSection(SolutionProperties) = preSolution
		HideSolutionNode = FALSE
	EndGlobalSection
	GlobalSection(ExtensibilityGlobals) = postSolution
		SolutionGuid = {AD047D02-2D0B-4E87-A4E1-EBFA5BDA6787}
	EndGlobalSection
EndGlobal
